
Microsoft Visual Studio Solution File, Format Version 12.00
# Visual Studio Version 17
VisualStudioVersion = 17.3.32819.101
MinimumVisualStudioVersion = 10.0.40219.1
Project("{FAE04EC0-301F-11D3-BF4B-00C04F79EFBC}") = "CpBnkReader", "CpBnkReader\CpBnkReader.csproj", "{EA8D0486-1F08-49F4-9578-0DE7AB79CE5F}"
EndProject
Global
	GlobalSection(SolutionConfigurationPlatforms) = preSolution
		Debug|Any CPU = Debug|Any CPU
		Release|Any CPU = Release|Any CPU
	EndGlobalSection
	GlobalSection(ProjectConfigurationPlatforms) = postSolution
		{EA8D0486-1F08-49F4-9578-0DE7AB79CE5F}.Debug|Any CPU.ActiveCfg = Debug|Any CPU
		{EA8D0486-1F08-49F4-9578-0DE7AB79CE5F}.Debug|Any CPU.Build.0 = Debug|Any CPU
		{EA8D0486-1F08-49F4-9578-0DE7AB79CE5F}.Release|Any CPU.ActiveCfg = Release|Any CPU
		{EA8D0486-1F08-49F4-9578-0DE7AB79CE5F}.Release|Any CPU.Build.0 = Release|Any CPU
	EndGlobalSection
	GlobalSection(SolutionProperties) = preSolution
		HideSolutionNode = FALSE
	EndGlobalSection
	GlobalSection(ExtensibilityGlobals) = postSolution
		SolutionGuid = {F3E1E4AB-985B-4C7C-A4CE-17F86F6454F0}
	EndGlobalSection
EndGlobal
